{
  "lockfileVersion": 1,
  "configVersion": 1,
  "workspaces": {
    "": {
      "name": "ollama-spacemolt-player",
      "dependencies": {
        "blessed": "^0.1.81",
      },
      "devDependencies": {
        "@types/blessed": "^0.1.21",
      },
    },
  },
  "packages": {
    "@types/blessed": ["@types/blessed@0.1.27", "", { "dependencies": { "@types/node": "*" } }, "sha512-ZOQGjLvWDclAXp0rW5iuUBXeD6Gr1PkitN7tj7/G8FCoSzTsij6OhXusOzMKhwrZ9YlL2Pmu0d6xJ9zVvk+Hsg=="],

    "@types/node": ["@types/node@25.1.0", "", { "dependencies": { "undici-types": "~7.16.0" } }, "sha512-t7frlewr6+cbx+9Ohpl0NOTKXZNV9xHRmNOvql47BFJKcEG1CxtxlPEEe+gR9uhVWM4DwhnvTF110mIL4yP9RA=="],

    "blessed": ["blessed@0.1.81", "", { "bin": { "blessed": "./bin/tput.js" } }, "sha512-LoF5gae+hlmfORcG1M5+5XZi4LBmvlXTzwJWzUlPryN/SJdSflZvROM2TwkT0GMpq7oqT48NRd4GS7BiVBc5OQ=="],

    "undici-types": ["undici-types@7.16.0", "", {}, "sha512-Zz+aZWSj8LE6zoxD+xrjh4VfkIG8Ya6LvYkZqtUQGJPZjYl53ypCaUwWqo7eI0x66KBGeRo+mlBEkMSeSZ38Nw=="],
  }
}
